Microsoft Visual Studio Solution File, Format Version 12.00
# Visual Studio 2012
Project("{FAE04EC0-301F-11D3-BF4B-00C04F79EFBC}") = "gamedev-tv-action-adventure-2.5d-rpg", "gamedev-tv-action-adventure-2.5d-rpg.csproj", "{FD3BCBBA-F50E-45ED-9DB6-25B9A36C8D5F}"
EndProject
Global
	GlobalSection(SolutionConfigurationPlatforms) = preSolution
	Debug|Any CPU = Debug|Any CPU
	ExportDebug|Any CPU = ExportDebug|Any CPU
	ExportRelease|Any CPU = ExportRelease|Any CPU
	EndGlobalSection
	GlobalSection(ProjectConfigurationPlatforms) = postSolution
		{FD3BCBBA-F50E-45ED-9DB6-25B9A36C8D5F}.Debug|Any CPU.ActiveCfg = Debug|Any CPU
		{FD3BCBBA-F50E-45ED-9DB6-25B9A36C8D5F}.Debug|Any CPU.Build.0 = Debug|Any CPU
		{FD3BCBBA-F50E-45ED-9DB6-25B9A36C8D5F}.ExportDebug|Any CPU.ActiveCfg = ExportDebug|Any CPU
		{FD3BCBBA-F50E-45ED-9DB6-25B9A36C8D5F}.ExportDebug|Any CPU.Build.0 = ExportDebug|Any CPU
		{FD3BCBBA-F50E-45ED-9DB6-25B9A36C8D5F}.ExportRelease|Any CPU.ActiveCfg = ExportRelease|Any CPU
		{FD3BCBBA-F50E-45ED-9DB6-25B9A36C8D5F}.ExportRelease|Any CPU.Build.0 = ExportRelease|Any CPU
	EndGlobalSection
EndGlobal
